
Microsoft Visual Studio Solution File, Format Version 12.00
# Visual Studio Version 17
VisualStudioVersion = 17.11.35327.3
MinimumVisualStudioVersion = 10.0.40219.1
Project("{C9674DCB-5085-4A16-B785-4C70DD1589BD}") = "hechoVuelo", "hechoVuelo\hechoVuelo.dtproj", "{F02E10C4-1A3C-4C37-A411-9F29F286E5E2}"
EndProject
Global
	GlobalSection(SolutionConfigurationPlatforms) = preSolution
		Development|Default = Development|Default
	EndGlobalSection
	GlobalSection(ProjectConfigurationPlatforms) = postSolution
		{F02E10C4-1A3C-4C37-A411-9F29F286E5E2}.Development|Default.ActiveCfg = Development
		{F02E10C4-1A3C-4C37-A411-9F29F286E5E2}.Development|Default.Build.0 = Development
	EndGlobalSection
	GlobalSection(SolutionProperties) = preSolution
		HideSolutionNode = FALSE
	EndGlobalSection
	GlobalSection(ExtensibilityGlobals) = postSolution
		SolutionGuid = {0179E3FA-3A3E-4DCA-86BC-2F9E80B99F8F}
	EndGlobalSection
EndGlobal
