
Microsoft Visual Studio Solution File, Format Version 12.00
# Visual Studio Version 17
VisualStudioVersion = 17.11.35327.3
MinimumVisualStudioVersion = 10.0.40219.1
Project("{D2ABAB84-BF74-430A-B69E-9DC6D40DDA17}") = "Cubo_Ticket", "Cubo_Ticket\Cubo_Ticket.dwproj", "{CD5C9BC2-B6DA-4715-8E07-767F1ECAD2B7}"
EndProject
Global
	GlobalSection(SolutionConfigurationPlatforms) = preSolution
		Development|Default = Development|Default
	EndGlobalSection
	GlobalSection(ProjectConfigurationPlatforms) = postSolution
		{CD5C9BC2-B6DA-4715-8E07-767F1ECAD2B7}.Development|Default.ActiveCfg = Development
		{CD5C9BC2-B6DA-4715-8E07-767F1ECAD2B7}.Development|Default.Build.0 = Development
		{CD5C9BC2-B6DA-4715-8E07-767F1ECAD2B7}.Development|Default.Deploy.0 = Development
	EndGlobalSection
	GlobalSection(SolutionProperties) = preSolution
		HideSolutionNode = FALSE
	EndGlobalSection
	GlobalSection(ExtensibilityGlobals) = postSolution
		SolutionGuid = {32F326CD-D025-4B6A-B840-58B55CA3A477}
	EndGlobalSection
EndGlobal
