
Microsoft Visual Studio Solution File, Format Version 12.00
# Visual Studio Version 17
VisualStudioVersion = 17.11.35327.3
MinimumVisualStudioVersion = 10.0.40219.1
Project("{D2ABAB84-BF74-430A-B69E-9DC6D40DDA17}") = "CUBO_RESERVE", "CUBO_RESERVE\CUBO_RESERVE.dwproj", "{2E85AC2A-DE1F-4B31-BCFB-A778F8B99E91}"
EndProject
Global
	GlobalSection(SolutionConfigurationPlatforms) = preSolution
		Development|Default = Development|Default
	EndGlobalSection
	GlobalSection(ProjectConfigurationPlatforms) = postSolution
		{2E85AC2A-DE1F-4B31-BCFB-A778F8B99E91}.Development|Default.ActiveCfg = Development
		{2E85AC2A-DE1F-4B31-BCFB-A778F8B99E91}.Development|Default.Build.0 = Development
		{2E85AC2A-DE1F-4B31-BCFB-A778F8B99E91}.Development|Default.Deploy.0 = Development
	EndGlobalSection
	GlobalSection(SolutionProperties) = preSolution
		HideSolutionNode = FALSE
	EndGlobalSection
	GlobalSection(ExtensibilityGlobals) = postSolution
		SolutionGuid = {415B1DA5-0C8C-49FF-81E6-20B9E42A63E5}
	EndGlobalSection
EndGlobal
